PODS:
  - Alamofire (4.7.2)
  - AnimatedMaskLabel (1.0.1)
  - AZTransitions (0.22)
  - Bolts (1.9.0):
    - Bolts/AppLinks (= 1.9.0)
    - Bolts/Tasks (= 1.9.0)
  - Bolts/AppLinks (1.9.0):
    - Bolts/Tasks
  - Bolts/Tasks (1.9.0)
  - BubbleTransition (3.0.1)
  - FBSDKCoreKit (4.31.1):
    - Bolts (~> 1.7)
  - FBSDKLoginKit (4.31.1):
    - FBSDKCoreKit
  - FBSDKShareKit (4.31.1):
    - FBSDKCoreKit (~> 4.31.1)
  - IQKeyboardManagerSwift (6.0.3)
  - MarqueeLabel/Swift (3.1.4)
  - NotificationBannerSwift (1.6.2):
    - MarqueeLabel/Swift
    - SnapKit (~> 4.0)
  - PMAlertController (3.4.0)
  - RAMAnimatedTabBarController (3.2.0)
  - SnapKit (4.0.0)
  - SVProgressHUD (2.2.5)
  - TCPickerView (0.1.9)
  - TransitionButton (0.4.0)
  - TweeTextField (1.2.0)

DEPENDENCIES:
  - Alamofire (~> 4.7)
  - AnimatedMaskLabel
  - AZTransitions
  - BubbleTransition (~> 3.0.0)
  - FBSDKCoreKit
  - FBSDKLoginKit
  - FBSDKShareKit
  - IQKeyboardManagerSwift
  - NotificationBannerSwift
  - PMAlertController
  - RAMAnimatedTabBarController
  - SVProgressHUD
  - TCPickerView
  - TransitionButton
  - TweeTextField

SPEC CHECKSUMS:
  Alamofire: e4fa87002c137ba2d8d634d2c51fabcda0d5c223
  AnimatedMaskLabel: 995f1cdcae80700be58126d70e0fe05619d86b77
  AZTransitions: 84fb95a278aedcba3c162443491544a5b9c485eb
  Bolts: ac6567323eac61e203f6a9763667d0f711be34c8
  BubbleTransition: 5038c843e449052f1bbbe0451605c45ec5b3ca0a
  FBSDKCoreKit: e08ccfcefa7bc1347a07c276dac9bf6c7fe57024
  FBSDKLoginKit: 99797ac39252fef6f72600b886f6ee60b4b29cab
  FBSDKShareKit: e640c41c9fcd61929eeb3d0c21ad335103e7cb62
  IQKeyboardManagerSwift: 04e8679f85e496bb2c474eeb9284052f1b3c391c
  MarqueeLabel: bf768455fe88d427f71476ebb23f9092b660f40b
  NotificationBannerSwift: 4eceb2add9d5eaa0596c63d49690b4d6476e74ec
  PMAlertController: efb781925d741d50e0200018a00c53cecb8b4910
  RAMAnimatedTabBarController: 0499157f67053a21bcccb52a25dd3c6ecdbfb4f6
  SnapKit: a42d492c16e80209130a3379f73596c3454b7694
  SVProgressHUD: 1428aafac632c1f86f62aa4243ec12008d7a51d6
  TCPickerView: 4bacd1f81121b3a12ff4624da657e3dfd1738383
  TransitionButton: d271030914c84a00b54b4d983446944d2875e7ba
  TweeTextField: 367d1393434018cfc8e40ad76087855b73253d99

PODFILE CHECKSUM: 6ecd779f92f56145c1fb8c38d83057a1b2cd7553

COCOAPODS: 1.4.0
